
Microsoft Visual Studio Solution File, Format Version 12.00
# Visual Studio Version 17
VisualStudioVersion = 17.14.36705.20 d17.14
MinimumVisualStudioVersion = 10.0.40219.1
Project("{FAE04EC0-301F-11D3-BF4B-00C04F79EFBC}") = "SeedShiftRadio", "SeedShiftRadio\SeedShiftRadio.csproj", "{2C83A448-E3E2-452B-B442-C4F60C1E898F}"
	ProjectSection(ProjectDependencies) = postProject
		{2F599786-527F-4F53-AAD6-B982CDA8185B} = {2F599786-527F-4F53-AAD6-B982CDA8185B}
		{67C579FA-C863-42C6-B36E-9C4575FAC3C7} = {67C579FA-C863-42C6-B36E-9C4575FAC3C7}
	EndProjectSection
EndProject
Project("{FAE04EC0-301F-11D3-BF4B-00C04F79EFBC}") = "Domain", "Domain\Domain.csproj", "{13C948BB-9109-4B61-A230-C06A9B353296}"
EndProject
Project("{FAE04EC0-301F-11D3-BF4B-00C04F79EFBC}") = "Application", "Application\Application.csproj", "{67C579FA-C863-42C6-B36E-9C4575FAC3C7}"
	ProjectSection(ProjectDependencies) = postProject
		{13C948BB-9109-4B61-A230-C06A9B353296} = {13C948BB-9109-4B61-A230-C06A9B353296}
	EndProjectSection
EndProject
Project("{FAE04EC0-301F-11D3-BF4B-00C04F79EFBC}") = "Infrastructure", "Infrastructure\Infrastructure.csproj", "{2F599786-527F-4F53-AAD6-B982CDA8185B}"
	ProjectSection(ProjectDependencies) = postProject
		{67C579FA-C863-42C6-B36E-9C4575FAC3C7} = {67C579FA-C863-42C6-B36E-9C4575FAC3C7}
	EndProjectSection
EndProject
Global
	GlobalSection(SolutionConfigurationPlatforms) = preSolution
		Debug|Any CPU = Debug|Any CPU
		Release|Any CPU = Release|Any CPU
	EndGlobalSection
	GlobalSection(ProjectConfigurationPlatforms) = postSolution
		{2C83A448-E3E2-452B-B442-C4F60C1E898F}.Debug|Any CPU.ActiveCfg = Debug|Any CPU
		{2C83A448-E3E2-452B-B442-C4F60C1E898F}.Debug|Any CPU.Build.0 = Debug|Any CPU
		{2C83A448-E3E2-452B-B442-C4F60C1E898F}.Release|Any CPU.ActiveCfg = Release|Any CPU
		{2C83A448-E3E2-452B-B442-C4F60C1E898F}.Release|Any CPU.Build.0 = Release|Any CPU
		{13C948BB-9109-4B61-A230-C06A9B353296}.Debug|Any CPU.ActiveCfg = Debug|Any CPU
		{13C948BB-9109-4B61-A230-C06A9B353296}.Debug|Any CPU.Build.0 = Debug|Any CPU
		{13C948BB-9109-4B61-A230-C06A9B353296}.Release|Any CPU.ActiveCfg = Release|Any CPU
		{13C948BB-9109-4B61-A230-C06A9B353296}.Release|Any CPU.Build.0 = Release|Any CPU
		{67C579FA-C863-42C6-B36E-9C4575FAC3C7}.Debug|Any CPU.ActiveCfg = Debug|Any CPU
		{67C579FA-C863-42C6-B36E-9C4575FAC3C7}.Debug|Any CPU.Build.0 = Debug|Any CPU
		{67C579FA-C863-42C6-B36E-9C4575FAC3C7}.Release|Any CPU.ActiveCfg = Release|Any CPU
		{67C579FA-C863-42C6-B36E-9C4575FAC3C7}.Release|Any CPU.Build.0 = Release|Any CPU
		{2F599786-527F-4F53-AAD6-B982CDA8185B}.Debug|Any CPU.ActiveCfg = Debug|Any CPU
		{2F599786-527F-4F53-AAD6-B982CDA8185B}.Debug|Any CPU.Build.0 = Debug|Any CPU
		{2F599786-527F-4F53-AAD6-B982CDA8185B}.Release|Any CPU.ActiveCfg = Release|Any CPU
		{2F599786-527F-4F53-AAD6-B982CDA8185B}.Release|Any CPU.Build.0 = Release|Any CPU
	EndGlobalSection
	GlobalSection(SolutionProperties) = preSolution
		HideSolutionNode = FALSE
	EndGlobalSection
	GlobalSection(ExtensibilityGlobals) = postSolution
		SolutionGuid = {33C9354D-AF2D-4E2A-8B26-AA08E4EFA126}
	EndGlobalSection
EndGlobal
